// !$*UTF8*$!
{
	archiveVersion = 1;
	classes = {
	};
	objectVersion = 50;
	objects = {

/* Begin PBXBuildFile section */
		95FEB7DA2459F4740073C9FF /* AppDelegate.swift in Sources */ = {isa = PBXBuildFile; fileRef = 95FEB7D92459F4740073C9FF /* AppDelegate.swift */; };
		95FEB7DC2459F4740073C9FF /* SceneDelegate.swift in Sources */ = {isa = PBXBuildFile; fileRef = 95FEB7DB2459F4740073C9FF /* SceneDelegate.swift */; };
		95FEB7DE2459F4740073C9FF /* ViewController.swift in Sources */ = {isa = PBXBuildFile; fileRef = 95FEB7DD2459F4740073C9FF /* ViewController.swift */; };
		95FEB7E12459F4740073C9FF /* Main.storyboard in Resources */ = {isa = PBXBuildFile; fileRef = 95FEB7DF2459F4740073C9FF /* Main.storyboard */; };
		95FEB7E32459F4760073C9FF /* Assets.xcassets in Resources */ = {isa = PBXBuildFile; fileRef = 95FEB7E22459F4760073C9FF /* Assets.xcassets */; };
		95FEB7E62459F4760073C9FF /* LaunchScreen.storyboard in Resources */ = {isa = PBXBuildFile; fileRef = 95FEB7E42459F4760073C9FF /* LaunchScreen.storyboard */; };
		95FEB7EE2459F8520073C9FF /* bankrobber.mp3 in Resources */ = {isa = PBXBuildFile; fileRef = 95FEB7ED2459F8510073C9FF /* bankrobber.mp3 */; };
		95FEB7F02459FA320073C9FF /* CameraController.swift in Sources */ = {isa = PBXBuildFile; fileRef = 95FEB7EF2459FA320073C9FF /* CameraController.swift */; };
		95FEB7F22459FBA50073C9FF /* ViewController2.swift in Sources */ = {isa = PBXBuildFile; fileRef = 95FEB7F12459FBA50073C9FF /* ViewController2.swift */; };
/* End PBXBuildFile section */

/* Begin PBXFileReference section */
		95FEB7D62459F4740073C9FF /* AVFoundationProject.app */ = {isa = PBXFileReference; explicitFileType = wrapper.application; includeInIndex = 0; path = AVFoundationProject.app; sourceTree = BUILT_PRODUCTS_DIR; };
		95FEB7D92459F4740073C9FF /* AppDelegate.swift */ = {isa = PBXFileReference; lastKnownFileType = sourcecode.swift; path = AppDelegate.swift; sourceTree = "<group>"; };
		95FEB7DB2459F4740073C9FF /* SceneDelegate.swift */ = {isa = PBXFileReference; lastKnownFileType = sourcecode.swift; path = SceneDelegate.swift; sourceTree = "<group>"; };
		95FEB7DD2459F4740073C9FF /* ViewController.swift */ = {isa = PBXFileReference; lastKnownFileType = sourcecode.swift; path = ViewController.swift; sourceTree = "<group>"; };
		95FEB7E02459F4740073C9FF /* Base */ = {isa = PBXFileReference; lastKnownFileType = file.storyboard; name = Base; path = Base.lproj/Main.storyboard; sourceTree = "<group>"; };
		95FEB7E22459F4760073C9FF /* Assets.xcassets */ = {isa = PBXFileReference; lastKnownFileType = folder.assetcatalog; path = Assets.xcassets; sourceTree = "<group>"; };
		95FEB7E52459F4760073C9FF /* Base */ = {isa = PBXFileReference; lastKnownFileType = file.storyboard; name = Base; path = Base.lproj/LaunchScreen.storyboard; sourceTree = "<group>"; };
		95FEB7E72459F4760073C9FF /* Info.plist */ = {isa = PBXFileReference; lastKnownFileType = text.plist.xml; path = Info.plist; sourceTree = "<group>"; };
		95FEB7ED2459F8510073C9FF /* bankrobber.mp3 */ = {isa = PBXFileReference; lastKnownFileType = audio.mp3; path = bankrobber.mp3; sourceTree = "<group>"; };
		95FEB7EF2459FA320073C9FF /* CameraController.swift */ = {isa = PBXFileReference; lastKnownFileType = sourcecode.swift; path = CameraController.swift; sourceTree = "<group>"; };
		95FEB7F12459FBA50073C9FF /* ViewController2.swift */ = {isa = PBXFileReference; lastKnownFileType = sourcecode.swift; path = ViewController2.swift; sourceTree = "<group>"; };
/* End PBXFileReference section */

/* Begin PBXFrameworksBuildPhase section */
		95FEB7D32459F4740073C9FF /* Frameworks */ = {
			isa = PBXFrameworksBuildPhase;
			buildActionMask = 2147483647;
			files = (
			);
			runOnlyForDeploymentPostprocessing = 0;
		};
/* End PBXFrameworksBuildPhase section */

/* Begin PBXGroup section */
		95FEB7CD2459F4740073C9FF = {
			isa = PBXGroup;
			children = (
				95FEB7D82459F4740073C9FF /* AVFoundation */,
				95FEB7D72459F4740073C9FF /* Products */,
			);
			sourceTree = "<group>";
		};
		95FEB7D72459F4740073C9FF /* Products */ = {
			isa = PBXGroup;
			children = (
				95FEB7D62459F4740073C9FF /* AVFoundationProject.app */,
			);
			name = Products;
			sourceTree = "<group>";
		};
		95FEB7D82459F4740073C9FF /* AVFoundation */ = {
			isa = PBXGroup;
			children = (
				95FEB7D92459F4740073C9FF /* AppDelegate.swift */,
				95FEB7DB2459F4740073C9FF /* SceneDelegate.swift */,
				95FEB7DD2459F4740073C9FF /* ViewController.swift */,
				95FEB7F12459FBA50073C9FF /* ViewController2.swift */,
				95FEB7EF2459FA320073C9FF /* CameraController.swift */,
				95FEB7ED2459F8510073C9FF /* bankrobber.mp3 */,
				95FEB7DF2459F4740073C9FF /* Main.storyboard */,
				95FEB7E22459F4760073C9FF /* Assets.xcassets */,
				95FEB7E42459F4760073C9FF /* LaunchScreen.storyboard */,
				95FEB7E72459F4760073C9FF /* Info.plist */,
			);
			path = AVFoundation;
			sourceTree = "<group>";
		};
/* End PBXGroup section */

/* Begin PBXNativeTarget section */
		95FEB7D52459F4740073C9FF /* AVFoundation */ = {
			isa = PBXNativeTarget;
			buildConfigurationList = 95FEB7EA2459F4760073C9FF /* Build configuration list for PBXNativeTarget "AVFoundation" */;
			buildPhases = (
				95FEB7D22459F4740073C9FF /* Sources */,
				95FEB7D32459F4740073C9FF /* Frameworks */,
				95FEB7D42459F4740073C9FF /* Resources */,
			);
			buildRules = (
			);
			dependencies = (
			);
			name = AVFoundation;
			productName = AVFoundation;
			productReference = 95FEB7D62459F4740073C9FF /* AVFoundationProject.app */;
			productType = "com.apple.product-type.application";
		};
/* End PBXNativeTarget section */

/* Begin PBXProject section */
		95FEB7CE2459F4740073C9FF /* Project object */ = {
			isa = PBXProject;
			attributes = {
				LastSwiftUpdateCheck = 1130;
				LastUpgradeCheck = 1130;
				ORGANIZATIONNAME = "Tamara Erlij";
				TargetAttributes = {
					95FEB7D52459F4740073C9FF = {
						CreatedOnToolsVersion = 11.3;
					};
				};
			};
			buildConfigurationList = 95FEB7D12459F4740073C9FF /* Build configuration list for PBXProject "AVFoundation" */;
			compatibilityVersion = "Xcode 9.3";
			developmentRegion = en;
			hasScannedForEncodings = 0;
			knownRegions = (
				en,
				Base,
			);
			mainGroup = 95FEB7CD2459F4740073C9FF;
			productRefGroup = 95FEB7D72459F4740073C9FF /* Products */;
			projectDirPath = "";
			projectRoot = "";
			targets = (
				95FEB7D52459F4740073C9FF /* AVFoundation */,
			);
		};
/* End PBXProject section */

/* Begin PBXResourcesBuildPhase section */
		95FEB7D42459F4740073C9FF /* Resources */ = {
			isa = PBXResourcesBuildPhase;
			buildActionMask = 2147483647;
			files = (
				95FEB7EE2459F8520073C9FF /* bankrobber.mp3 in Resources */,
				95FEB7E62459F4760073C9FF /* LaunchScreen.storyboard in Resources */,
				95FEB7E32459F4760073C9FF /* Assets.xcassets in Resources */,
				95FEB7E12459F4740073C9FF /* Main.storyboard in Resources */,
			);
			runOnlyForDeploymentPostprocessing = 0;
		};
/* End PBXResourcesBuildPhase section */

/* Begin PBXSourcesBuildPhase section */
		95FEB7D22459F4740073C9FF /* Sources */ = {
			isa = PBXSourcesBuildPhase;
			buildActionMask = 2147483647;
			files = (
				95FEB7F22459FBA50073C9FF /* ViewController2.swift in Sources */,
				95FEB7DE2459F4740073C9FF /* ViewController.swift in Sources */,
				95FEB7DA2459F4740073C9FF /* AppDelegate.swift in Sources */,
				95FEB7F02459FA320073C9FF /* CameraController.swift in Sources */,
				95FEB7DC2459F4740073C9FF /* SceneDelegate.swift in Sources */,
			);
			runOnlyForDeploymentPostprocessing = 0;
		};
/* End PBXSourcesBuildPhase section */

/* Begin PBXVariantGroup section */
		95FEB7DF2459F4740073C9FF /* Main.storyboard */ = {
			isa = PBXVariantGroup;
			children = (
				95FEB7E02459F4740073C9FF /* Base */,
			);
			name = Main.storyboard;
			sourceTree = "<group>";
		};
		95FEB7E42459F4760073C9FF /* LaunchScreen.storyboard */ = {
			isa = PBXVariantGroup;
			children = (
				95FEB7E52459F4760073C9FF /* Base */,
			);
			name = LaunchScreen.storyboard;
			sourceTree = "<group>";
		};
/* End PBXVariantGroup section */

/* Begin XCBuildConfiguration section */
		95FEB7E82459F4760073C9FF /* Debug */ = {
			isa = XCBuildConfiguration;
			buildSettings = {
				ALWAYS_SEARCH_USER_PATHS = NO;
				CLANG_ANALYZER_NONNULL = YES;
				CLANG_ANALYZER_NUMBER_OBJECT_CONVERSION = YES_AGGRESSIVE;
				CLANG_CXX_LANGUAGE_STANDARD = "gnu++14";
				CLANG_CXX_LIBRARY = "libc++";
				CLANG_ENABLE_MODULES = YES;
				CLANG_ENABLE_OBJC_ARC = YES;
				CLANG_ENABLE_OBJC_WEAK = YES;
				CLANG_WARN_BLOCK_CAPTURE_AUTORELEASING = YES;
				CLANG_WARN_BOOL_CONVERSION = YES;
				CLANG_WARN_COMMA = YES;
				CLANG_WARN_CONSTANT_CONVERSION = YES;
				CLANG_WARN_DEPRECATED_OBJC_IMPLEMENTATIONS = YES;
				CLANG_WARN_DIRECT_OBJC_ISA_USAGE = YES_ERROR;
				CLANG_WARN_DOCUMENTATION_COMMENTS = YES;
				CLANG_WARN_EMPTY_BODY = YES;
				CLANG_WARN_ENUM_CONVERSION = YES;
				CLANG_WARN_INFINITE_RECURSION = YES;
				CLANG_WARN_INT_CONVERSION = YES;
				CLANG_WARN_NON_LITERAL_NULL_CONVERSION = YES;
				CLANG_WARN_OBJC_IMPLICIT_RETAIN_SELF = YES;
				CLANG_WARN_OBJC_LITERAL_CONVERSION = YES;
				CLANG_WARN_OBJC_ROOT_CLASS = YES_ERROR;
				CLANG_WARN_RANGE_LOOP_ANALYSIS = YES;
				CLANG_WARN_STRICT_PROTOTYPES = YES;
				CLANG_WARN_SUSPICIOUS_MOVE = YES;
				CLANG_WARN_UNGUARDED_AVAILABILITY = YES_AGGRESSIVE;
				CLANG_WARN_UNREACHABLE_CODE = YES;
				CLANG_WARN__DUPLICATE_METHOD_MATCH = YES;
				COPY_PHASE_STRIP = NO;
				DEBUG_INFORMATION_FORMAT = dwarf;
				ENABLE_STRICT_OBJC_MSGSEND = YES;
				ENABLE_TESTABILITY = YES;
				GCC_C_LANGUAGE_STANDARD = gnu11;
				GCC_DYNAMIC_NO_PIC = NO;
				GCC_NO_COMMON_BLOCKS = YES;
				GCC_OPTIMIZATION_LEVEL = 0;
				GCC_PREPROCESSOR_DEFINITIONS = (
					"DEBUG=1",
					"$(inherited)",
				);
				GCC_WARN_64_TO_32_BIT_CONVERSION = YES;
				GCC_WARN_ABOUT_RETURN_TYPE = YES_ERROR;
				GCC_WARN_UNDECLARED_SELECTOR = YES;
				GCC_WARN_UNINITIALIZED_AUTOS = YES_AGGRESSIVE;
				GCC_WARN_UNUSED_FUNCTION = YES;
				GCC_WARN_UNUSED_VARIABLE = YES;
				IPHONEOS_DEPLOYMENT_TARGET = 13.2;
				MTL_ENABLE_DEBUG_INFO = INCLUDE_SOURCE;
				MTL_FAST_MATH = YES;
				ONLY_ACTIVE_ARCH = YES;
				SDKROOT = iphoneos;
				SWIFT_ACTIVE_COMPILATION_CONDITIONS = DEBUG;
				SWIFT_OPTIMIZATION_LEVEL = "-Onone";
			};
			name = Debug;
		};
		95FEB7E92459F4760073C9FF /* Release */ = {
			isa = XCBuildConfiguration;
			buildSettings = {
				ALWAYS_SEARCH_USER_PATHS = NO;
				CLANG_ANALYZER_NONNULL = YES;
				CLANG_ANALYZER_NUMBER_OBJECT_CONVERSION = YES_AGGRESSIVE;
				CLANG_CXX_LANGUAGE_STANDARD = "gnu++14";
				CLANG_CXX_LIBRARY = "libc++";
				CLANG_ENABLE_MODULES = YES;
				CLANG_ENABLE_OBJC_ARC = YES;
				CLANG_ENABLE_OBJC_WEAK = YES;
				CLANG_WARN_BLOCK_CAPTURE_AUTORELEASING = YES;
				CLANG_WARN_BOOL_CONVERSION = YES;
				CLANG_WARN_COMMA = YES;
				CLANG_WARN_CONSTANT_CONVERSION = YES;
				CLANG_WARN_DEPRECATED_OBJC_IMPLEMENTATIONS = YES;
				CLANG_WARN_DIRECT_OBJC_ISA_USAGE = YES_ERROR;
				CLANG_WARN_DOCUMENTATION_COMMENTS = YES;
				CLANG_WARN_EMPTY_BODY = YES;
				CLANG_WARN_ENUM_CONVERSION = YES;
				CLANG_WARN_INFINITE_RECURSION = YES;
				CLANG_WARN_INT_CONVERSION = YES;
				CLANG_WARN_NON_LITERAL_NULL_CONVERSION = YES;
				CLANG_WARN_OBJC_IMPLICIT_RETAIN_SELF = YES;
				CLANG_WARN_OBJC_LITERAL_CONVERSION = YES;
				CLANG_WARN_OBJC_ROOT_CLASS = YES_ERROR;
				CLANG_WARN_RANGE_LOOP_ANALYSIS = YES;
				CLANG_WARN_STRICT_PROTOTYPES = YES;
				CLANG_WARN_SUSPICIOUS_MOVE = YES;
				CLANG_WARN_UNGUARDED_AVAILABILITY = YES_AGGRESSIVE;
				CLANG_WARN_UNREACHABLE_CODE = YES;
				CLANG_WARN__DUPLICATE_METHOD_MATCH = YES;
				COPY_PHASE_STRIP = NO;
				DEBUG_INFORMATION_FORMAT = "dwarf-with-dsym";
				ENABLE_NS_ASSERTIONS = NO;
				ENABLE_STRICT_OBJC_MSGSEND = YES;
				GCC_C_LANGUAGE_STANDARD = gnu11;
				GCC_NO_COMMON_BLOCKS = YES;
				GCC_WARN_64_TO_32_BIT_CONVERSION = YES;
				GCC_WARN_ABOUT_RETURN_TYPE = YES_ERROR;
				GCC_WARN_UNDECLARED_SELECTOR = YES;
				GCC_WARN_UNINITIALIZED_AUTOS = YES_AGGRESSIVE;
				GCC_WARN_UNUSED_FUNCTION = YES;
				GCC_WARN_UNUSED_VARIABLE = YES;
				IPHONEOS_DEPLOYMENT_TARGET = 13.2;
				MTL_ENABLE_DEBUG_INFO = NO;
				MTL_FAST_MATH = YES;
				SDKROOT = iphoneos;
				SWIFT_COMPILATION_MODE = wholemodule;
				SWIFT_OPTIMIZATION_LEVEL = "-O";
				VALIDATE_PRODUCT = YES;
			};
			name = Release;
		};
		95FEB7EB2459F4760073C9FF /* Debug */ = {
			isa = XCBuildConfiguration;
			buildSettings = {
				ASSETCATALOG_COMPILER_APPICON_NAME = AppIcon;
				CODE_SIGN_STYLE = Automatic;
				DEVELOPMENT_TEAM = 56RTBWDLYU;
				INFOPLIST_FILE = AVFoundation/Info.plist;
				LD_RUNPATH_SEARCH_PATHS = (
					"$(inherited)",
					"@executable_path/Frameworks",
				);
				PRODUCT_BUNDLE_IDENTIFIER = com.TamaraErlij.AVFoundation;
				PRODUCT_NAME = AVFoundationProject;
				SWIFT_VERSION = 5.0;
				TARGETED_DEVICE_FAMILY = "1,2";
			};
			name = Debug;
		};
		95FEB7EC2459F4760073C9FF /* Release */ = {
			isa = XCBuildConfiguration;
			buildSettings = {
				ASSETCATALOG_COMPILER_APPICON_NAME = AppIcon;
				CODE_SIGN_STYLE = Automatic;
				DEVELOPMENT_TEAM = 56RTBWDLYU;
				INFOPLIST_FILE = AVFoundation/Info.plist;
				LD_RUNPATH_SEARCH_PATHS = (
					"$(inherited)",
					"@executable_path/Frameworks",
				);
				PRODUCT_BUNDLE_IDENTIFIER = com.TamaraErlij.AVFoundation;
				PRODUCT_NAME = AVFoundationProject;
				SWIFT_VERSION = 5.0;
				TARGETED_DEVICE_FAMILY = "1,2";
			};
			name = Release;
		};
/* End XCBuildConfiguration section */

/* Begin XCConfigurationList section */
		95FEB7D12459F4740073C9FF /* Build configuration list for PBXProject "AVFoundation" */ = {
			isa = XCConfigurationList;
			buildConfigurations = (
				95FEB7E82459F4760073C9FF /* Debug */,
				95FEB7E92459F4760073C9FF /* Release */,
			);
			defaultConfigurationIsVisible = 0;
			defaultConfigurationName = Release;
		};
		95FEB7EA2459F4760073C9FF /* Build configuration list for PBXNativeTarget "AVFoundation" */ = {
			isa = XCConfigurationList;
			buildConfigurations = (
				95FEB7EB2459F4760073C9FF /* Debug */,
				95FEB7EC2459F4760073C9FF /* Release */,
			);
			defaultConfigurationIsVisible = 0;
			defaultConfigurationName = Release;
		};
/* End XCConfigurationList section */
	};
	rootObject = 95FEB7CE2459F4740073C9FF /* Project object */;
}
